{
  "name": "jtd-codegen-setup",
  "version": "1.0.0",
  "lockfileVersion": 2,
  "requires": true,
  "packages": {
    "": {
      "version": "1.0.0",
      "license": "ISC",
      "dependencies": {
        "esbuild-runner": "^2.2.0",
        "jtd": "^0.1.1",
        "neverthrow": "^4.2.2",
        "typescript": "^4.3.4"
      }
    },
    "node_modules/buffer-from": {
      "version": "1.1.1",
      "resolved": "https://registry.npmjs.org/buffer-from/-/buffer-from-1.1.1.tgz",
      "integrity": "sha512-MQcXEUbCKtEo7bhqEs6560Hyd4XaovZlO/k9V3hjVUF/zwW7KBVdSK4gIt/bzwS9MbR5qob+F5jusZsb0YQK2A=="
    },
    "node_modules/esbuild": {
      "version": "0.12.12",
      "resolved": "https://registry.npmjs.org/esbuild/-/esbuild-0.12.12.tgz",
      "integrity": "sha512-fdB/8HRg9u95Zi4/qV+osrfzpvLzubFKUr8SkZf/kUKImLiX61Y7qBzV14FCKphFk7YoXWY85nbPGkI6pq+Zeg==",
      "hasInstallScript": true,
      "peer": true,
      "bin": {
        "esbuild": "bin/esbuild"
      }
    },
    "node_modules/esbuild-runner": {
      "version": "2.2.0",
      "resolved": "https://registry.npmjs.org/esbuild-runner/-/esbuild-runner-2.2.0.tgz",
      "integrity": "sha512-Ew8AF48i+edfI37qA157g5gQVsgBd8kbg0rOiGDZGxnf3/aUK9GXSYHGcfP5RNZF/6ziJWT0sD96jAfssYi0qQ==",
      "dependencies": {
        "source-map-support": "0.5.19",
        "tslib": "2.2.0"
      },
      "bin": {
        "esr": "bin/esr.js"
      },
      "peerDependencies": {
        "esbuild": "*"
      }
    },
    "node_modules/jtd": {
      "version": "0.1.1",
      "resolved": "https://registry.npmjs.org/jtd/-/jtd-0.1.1.tgz",
      "integrity": "sha512-D1unKfAE0A/sVLqJZs8mCSW812w651GJuV94WcXRAbx0Xv2j2yjW8qeO5pugXbTMX4k2/ojIH8kQ06LGj9QcaA=="
    },
    "node_modules/neverthrow": {
      "version": "4.2.2",
      "resolved": "https://registry.npmjs.org/neverthrow/-/neverthrow-4.2.2.tgz",
      "integrity": "sha512-zmJ1Oo368VlI7Fp2p+uD3ekkEEYzHr4ZlTE/4vfjA+TPtstftvJ3meIS2EReKy604wVXb+N+8XtwN98Mc1jJsA=="
    },
    "node_modules/source-map": {
      "version": "0.6.1",
      "resolved": "https://registry.npmjs.org/source-map/-/source-map-0.6.1.tgz",
      "integrity": "sha512-UjgapumWlbMhkBgzT7Ykc5YXUT46F0iKu8SGXq0bcwP5dz/h0Plj6enJqjz1Zbq2l5WaqYnrVbwWOWMyF3F47g==",
      "engines": {
        "node": ">=0.10.0"
      }
    },
    "node_modules/source-map-support": {
      "version": "0.5.19",
      "resolved": "https://registry.npmjs.org/source-map-support/-/source-map-support-0.5.19.tgz",
      "integrity": "sha512-Wonm7zOCIJzBGQdB+thsPar0kYuCIzYvxZwlBa87yi/Mdjv7Tip2cyVbLj5o0cFPN4EVkuTwb3GDDyUx2DGnGw==",
      "dependencies": {
        "buffer-from": "^1.0.0",
        "source-map": "^0.6.0"
      }
    },
    "node_modules/tslib": {
      "version": "2.2.0",
      "resolved": "https://registry.npmjs.org/tslib/-/tslib-2.2.0.tgz",
      "integrity": "sha512-gS9GVHRU+RGn5KQM2rllAlR3dU6m7AcpJKdtH8gFvQiC4Otgk98XnmMU+nZenHt/+VhnBPWwgrJsyrdcw6i23w=="
    },
    "node_modules/typescript": {
      "version": "4.3.4",
      "resolved": "https://registry.npmjs.org/typescript/-/typescript-4.3.4.tgz",
      "integrity": "sha512-uauPG7XZn9F/mo+7MrsRjyvbxFpzemRjKEZXS4AK83oP2KKOJPvb+9cO/gmnv8arWZvhnjVOXz7B49m1l0e9Ew==",
      "bin": {
        "tsc": "bin/tsc",
        "tsserver": "bin/tsserver"
      },
      "engines": {
        "node": ">=4.2.0"
      }
    }
  },
  "dependencies": {
    "buffer-from": {
      "version": "1.1.1",
      "resolved": "https://registry.npmjs.org/buffer-from/-/buffer-from-1.1.1.tgz",
      "integrity": "sha512-MQcXEUbCKtEo7bhqEs6560Hyd4XaovZlO/k9V3hjVUF/zwW7KBVdSK4gIt/bzwS9MbR5qob+F5jusZsb0YQK2A=="
    },
    "esbuild": {
      "version": "0.12.12",
      "resolved": "https://registry.npmjs.org/esbuild/-/esbuild-0.12.12.tgz",
      "integrity": "sha512-fdB/8HRg9u95Zi4/qV+osrfzpvLzubFKUr8SkZf/kUKImLiX61Y7qBzV14FCKphFk7YoXWY85nbPGkI6pq+Zeg==",
      "peer": true
    },
    "esbuild-runner": {
      "version": "2.2.0",
      "resolved": "https://registry.npmjs.org/esbuild-runner/-/esbuild-runner-2.2.0.tgz",
      "integrity": "sha512-Ew8AF48i+edfI37qA157g5gQVsgBd8kbg0rOiGDZGxnf3/aUK9GXSYHGcfP5RNZF/6ziJWT0sD96jAfssYi0qQ==",
      "requires": {
        "source-map-support": "0.5.19",
        "tslib": "2.2.0"
      }
    },
    "jtd": {
      "version": "0.1.1",
      "resolved": "https://registry.npmjs.org/jtd/-/jtd-0.1.1.tgz",
      "integrity": "sha512-D1unKfAE0A/sVLqJZs8mCSW812w651GJuV94WcXRAbx0Xv2j2yjW8qeO5pugXbTMX4k2/ojIH8kQ06LGj9QcaA=="
    },
    "neverthrow": {
      "version": "4.2.2",
      "resolved": "https://registry.npmjs.org/neverthrow/-/neverthrow-4.2.2.tgz",
      "integrity": "sha512-zmJ1Oo368VlI7Fp2p+uD3ekkEEYzHr4ZlTE/4vfjA+TPtstftvJ3meIS2EReKy604wVXb+N+8XtwN98Mc1jJsA=="
    },
    "source-map": {
      "version": "0.6.1",
      "resolved": "https://registry.npmjs.org/source-map/-/source-map-0.6.1.tgz",
      "integrity": "sha512-UjgapumWlbMhkBgzT7Ykc5YXUT46F0iKu8SGXq0bcwP5dz/h0Plj6enJqjz1Zbq2l5WaqYnrVbwWOWMyF3F47g=="
    },
    "source-map-support": {
      "version": "0.5.19",
      "resolved": "https://registry.npmjs.org/source-map-support/-/source-map-support-0.5.19.tgz",
      "integrity": "sha512-Wonm7zOCIJzBGQdB+thsPar0kYuCIzYvxZwlBa87yi/Mdjv7Tip2cyVbLj5o0cFPN4EVkuTwb3GDDyUx2DGnGw==",
      "requires": {
        "buffer-from": "^1.0.0",
        "source-map": "^0.6.0"
      }
    },
    "tslib": {
      "version": "2.2.0",
      "resolved": "https://registry.npmjs.org/tslib/-/tslib-2.2.0.tgz",
      "integrity": "sha512-gS9GVHRU+RGn5KQM2rllAlR3dU6m7AcpJKdtH8gFvQiC4Otgk98XnmMU+nZenHt/+VhnBPWwgrJsyrdcw6i23w=="
    },
    "typescript": {
      "version": "4.3.4",
      "resolved": "https://registry.npmjs.org/typescript/-/typescript-4.3.4.tgz",
      "integrity": "sha512-uauPG7XZn9F/mo+7MrsRjyvbxFpzemRjKEZXS4AK83oP2KKOJPvb+9cO/gmnv8arWZvhnjVOXz7B49m1l0e9Ew=="
    }
  }
}
